
Microsoft Visual Studio Solution File, Format Version 12.00
# Visual Studio Version 17
VisualStudioVersion = 17.9.34728.123
MinimumVisualStudioVersion = 10.0.40219.1
Project("{FAE04EC0-301F-11D3-BF4B-00C04F79EFBC}") = "SampleApp", "SampleApp.csproj", "{F319971B-0A61-41AB-AE7C-E4619243A39C}"
EndProject
Global
	GlobalSection(SolutionConfigurationPlatforms) = preSolution
		Debug|Any CPU = Debug|Any CPU
		Release|Any CPU = Release|Any CPU
	EndGlobalSection
	GlobalSection(ProjectConfigurationPlatforms) = postSolution
		{F319971B-0A61-41AB-AE7C-E4619243A39C}.Debug|Any CPU.ActiveCfg = Debug|Any CPU
		{F319971B-0A61-41AB-AE7C-E4619243A39C}.Debug|Any CPU.Build.0 = Debug|Any CPU
		{F319971B-0A61-41AB-AE7C-E4619243A39C}.Release|Any CPU.ActiveCfg = Release|Any CPU
		{F319971B-0A61-41AB-AE7C-E4619243A39C}.Release|Any CPU.Build.0 = Release|Any CPU
	EndGlobalSection
	GlobalSection(SolutionProperties) = preSolution
		HideSolutionNode = FALSE
	EndGlobalSection
	GlobalSection(ExtensibilityGlobals) = postSolution
		SolutionGuid = {05808682-40A9-408C-84C5-A6BA4E1F4CB3}
	EndGlobalSection
EndGlobal
